// !$*UTF8*$!
{
	archiveVersion = 1;
	classes = {
	};
	objectVersion = 46;
	objects = {

/* Begin PBXBuildFile section */
		948CBA3F1EA0A46E00ACF35C /* main.m in Sources */ = {isa = PBXBuildFile; fileRef = 948CBA3E1EA0A46E00ACF35C /* main.m */; };
		948CBA421EA0A46E00ACF35C /* AppDelegate.m in Sources */ = {isa = PBXBuildFile; fileRef = 948CBA411EA0A46E00ACF35C /* AppDelegate.m */; };
		948CBA451EA0A46E00ACF35C /* ViewController.m in Sources */ = {isa = PBXBuildFile; fileRef = 948CBA441EA0A46E00ACF35C /* ViewController.m */; };
		948CBA481EA0A46E00ACF35C /* Main.storyboard in Resources */ = {isa = PBXBuildFile; fileRef = 948CBA461EA0A46E00ACF35C /* Main.storyboard */; };
		948CBA4A1EA0A46E00ACF35C /* Assets.xcassets in Resources */ = {isa = PBXBuildFile; fileRef = 948CBA491EA0A46E00ACF35C /* Assets.xcassets */; };
		948CBA4D1EA0A46E00ACF35C /* LaunchScreen.storyboard in Resources */ = {isa = PBXBuildFile; fileRef = 948CBA4B1EA0A46E00ACF35C /* LaunchScreen.storyboard */; };
		948CBA581EA0A46E00ACF35C /* MyTestAppTests.m in Sources */ = {isa = PBXBuildFile; fileRef = 948CBA571EA0A46E00ACF35C /* MyTestAppTests.m */; };
		948CBA631EA0A46E00ACF35C /* MyTestAppUITests.m in Sources */ = {isa = PBXBuildFile; fileRef = 948CBA621EA0A46E00ACF35C /* MyTestAppUITests.m */; };
/* End PBXBuildFile section */

/* Begin PBXContainerItemProxy section */
		948CBA541EA0A46E00ACF35C /* PBXContainerItemProxy */ = {
			isa = PBXContainerItemProxy;
			containerPortal = 948CBA321EA0A46E00ACF35C /* Project object */;
			proxyType = 1;
			remoteGlobalIDString = 948CBA391EA0A46E00ACF35C;
			remoteInfo = MyTestApp;
		};
		948CBA5F1EA0A46E00ACF35C /* PBXContainerItemProxy */ = {
			isa = PBXContainerItemProxy;
			containerPortal = 948CBA321EA0A46E00ACF35C /* Project object */;
			proxyType = 1;
			remoteGlobalIDString = 948CBA391EA0A46E00ACF35C;
			remoteInfo = MyTestApp;
		};
/* End PBXContainerItemProxy section */

/* Begin PBXFileReference section */
		948CBA3A1EA0A46E00ACF35C /* MyTestApp.app */ = {isa = PBXFileReference; explicitFileType = wrapper.application; includeInIndex = 0; path = MyTestApp.app; sourceTree = BUILT_PRODUCTS_DIR; };
		948CBA3E1EA0A46E00ACF35C /* main.m */ = {isa = PBXFileReference; lastKnownFileType = sourcecode.c.objc; path = main.m; sourceTree = "<group>"; };
		948CBA401EA0A46E00ACF35C /* AppDelegate.h */ = {isa = PBXFileReference; lastKnownFileType = sourcecode.c.h; path = AppDelegate.h; sourceTree = "<group>"; };
		948CBA411EA0A46E00ACF35C /* AppDelegate.m */ = {isa = PBXFileReference; lastKnownFileType = sourcecode.c.objc; path = AppDelegate.m; sourceTree = "<group>"; };
		948CBA431EA0A46E00ACF35C /* ViewController.h */ = {isa = PBXFileReference; lastKnownFileType = sourcecode.c.h; path = ViewController.h; sourceTree = "<group>"; };
		948CBA441EA0A46E00ACF35C /* ViewController.m */ = {isa = PBXFileReference; lastKnownFileType = sourcecode.c.objc; path = ViewController.m; sourceTree = "<group>"; };
		948CBA471EA0A46E00ACF35C /* Base */ = {isa = PBXFileReference; lastKnownFileType = file.storyboard; name = Base; path = Base.lproj/Main.storyboard; sourceTree = "<group>"; };
		948CBA491EA0A46E00ACF35C /* Assets.xcassets */ = {isa = PBXFileReference; lastKnownFileType = folder.assetcatalog; path = Assets.xcassets; sourceTree = "<group>"; };
		948CBA4C1EA0A46E00ACF35C /* Base */ = {isa = PBXFileReference; lastKnownFileType = file.storyboard; name = Base; path = Base.lproj/LaunchScreen.storyboard; sourceTree = "<group>"; };
		948CBA4E1EA0A46E00ACF35C /* Info.plist */ = {isa = PBXFileReference; lastKnownFileType = text.plist.xml; path = Info.plist; sourceTree = "<group>"; };
		948CBA531EA0A46E00ACF35C /* MyTestAppTests.xctest */ = {isa = PBXFileReference; explicitFileType = wrapper.cfbundle; includeInIndex = 0; path = MyTestAppTests.xctest; sourceTree = BUILT_PRODUCTS_DIR; };
		948CBA571EA0A46E00ACF35C /* MyTestAppTests.m */ = {isa = PBXFileReference; lastKnownFileType = sourcecode.c.objc; path = MyTestAppTests.m; sourceTree = "<group>"; };
		948CBA591EA0A46E00ACF35C /* Info.plist */ = {isa = PBXFileReference; lastKnownFileType = text.plist.xml; path = Info.plist; sourceTree = "<group>"; };
		948CBA5E1EA0A46E00ACF35C /* MyTestAppUITests.xctest */ = {isa = PBXFileReference; explicitFileType = wrapper.cfbundle; includeInIndex = 0; path = MyTestAppUITests.xctest; sourceTree = BUILT_PRODUCTS_DIR; };
		948CBA621EA0A46E00ACF35C /* MyTestAppUITests.m */ = {isa = PBXFileReference; lastKnownFileType = sourcecode.c.objc; path = MyTestAppUITests.m; sourceTree = "<group>"; };
		948CBA641EA0A46E00ACF35C /* Info.plist */ = {isa = PBXFileReference; lastKnownFileType = text.plist.xml; path = Info.plist; sourceTree = "<group>"; };
/* End PBXFileReference section */

/* Begin PBXFrameworksBuildPhase section */
		948CBA371EA0A46E00ACF35C /* Frameworks */ = {
			isa = PBXFrameworksBuildPhase;
			buildActionMask = 2147483647;
			files = (
			);
			runOnlyForDeploymentPostprocessing = 0;
		};
		948CBA501EA0A46E00ACF35C /* Frameworks */ = {
			isa = PBXFrameworksBuildPhase;
			buildActionMask = 2147483647;
			files = (
			);
			runOnlyForDeploymentPostprocessing = 0;
		};
		948CBA5B1EA0A46E00ACF35C /* Frameworks */ = {
			isa = PBXFrameworksBuildPhase;
			buildActionMask = 2147483647;
			files = (
			);
			runOnlyForDeploymentPostprocessing = 0;
		};
/* End PBXFrameworksBuildPhase section */

/* Begin PBXGroup section */
		948CBA311EA0A46E00ACF35C = {
			isa = PBXGroup;
			children = (
				948CBA3C1EA0A46E00ACF35C /* MyTestApp */,
				948CBA561EA0A46E00ACF35C /* MyTestAppTests */,
				948CBA611EA0A46E00ACF35C /* MyTestAppUITests */,
				948CBA3B1EA0A46E00ACF35C /* Products */,
			);
			sourceTree = "<group>";
		};
		948CBA3B1EA0A46E00ACF35C /* Products */ = {
			isa = PBXGroup;
			children = (
				948CBA3A1EA0A46E00ACF35C /* MyTestApp.app */,
				948CBA531EA0A46E00ACF35C /* MyTestAppTests.xctest */,
				948CBA5E1EA0A46E00ACF35C /* MyTestAppUITests.xctest */,
			);
			name = Products;
			sourceTree = "<group>";
		};
		948CBA3C1EA0A46E00ACF35C /* MyTestApp */ = {
			isa = PBXGroup;
			children = (
				948CBA401EA0A46E00ACF35C /* AppDelegate.h */,
				948CBA411EA0A46E00ACF35C /* AppDelegate.m */,
				948CBA431EA0A46E00ACF35C /* ViewController.h */,
				948CBA441EA0A46E00ACF35C /* ViewController.m */,
				948CBA461EA0A46E00ACF35C /* Main.storyboard */,
				948CBA491EA0A46E00ACF35C /* Assets.xcassets */,
				948CBA4B1EA0A46E00ACF35C /* LaunchScreen.storyboard */,
				948CBA4E1EA0A46E00ACF35C /* Info.plist */,
				948CBA3D1EA0A46E00ACF35C /* Supporting Files */,
			);
			path = MyTestApp;
			sourceTree = "<group>";
		};
		948CBA3D1EA0A46E00ACF35C /* Supporting Files */ = {
			isa = PBXGroup;
			children = (
				948CBA3E1EA0A46E00ACF35C /* main.m */,
			);
			name = "Supporting Files";
			sourceTree = "<group>";
		};
		948CBA561EA0A46E00ACF35C /* MyTestAppTests */ = {
			isa = PBXGroup;
			children = (
				948CBA571EA0A46E00ACF35C /* MyTestAppTests.m */,
				948CBA591EA0A46E00ACF35C /* Info.plist */,
			);
			path = MyTestAppTests;
			sourceTree = "<group>";
		};
		948CBA611EA0A46E00ACF35C /* MyTestAppUITests */ = {
			isa = PBXGroup;
			children = (
				948CBA621EA0A46E00ACF35C /* MyTestAppUITests.m */,
				948CBA641EA0A46E00ACF35C /* Info.plist */,
			);
			path = MyTestAppUITests;
			sourceTree = "<group>";
		};
/* End PBXGroup section */

/* Begin PBXNativeTarget section */
		948CBA391EA0A46E00ACF35C /* MyTestApp */ = {
			isa = PBXNativeTarget;
			buildConfigurationList = 948CBA671EA0A46E00ACF35C /* Build configuration list for PBXNativeTarget "MyTestApp" */;
			buildPhases = (
				948CBA361EA0A46E00ACF35C /* Sources */,
				948CBA371EA0A46E00ACF35C /* Frameworks */,
				948CBA381EA0A46E00ACF35C /* Resources */,
			);
			buildRules = (
			);
			dependencies = (
			);
			name = MyTestApp;
			productName = MyTestApp;
			productReference = 948CBA3A1EA0A46E00ACF35C /* MyTestApp.app */;
			productType = "com.apple.product-type.application";
		};
		948CBA521EA0A46E00ACF35C /* MyTestAppTests */ = {
			isa = PBXNativeTarget;
			buildConfigurationList = 948CBA6A1EA0A46E00ACF35C /* Build configuration list for PBXNativeTarget "MyTestAppTests" */;
			buildPhases = (
				948CBA4F1EA0A46E00ACF35C /* Sources */,
				948CBA501EA0A46E00ACF35C /* Frameworks */,
				948CBA511EA0A46E00ACF35C /* Resources */,
			);
			buildRules = (
			);
			dependencies = (
				948CBA551EA0A46E00ACF35C /* PBXTargetDependency */,
			);
			name = MyTestAppTests;
			productName = MyTestAppTests;
			productReference = 948CBA531EA0A46E00ACF35C /* MyTestAppTests.xctest */;
			productType = "com.apple.product-type.bundle.unit-test";
		};
		948CBA5D1EA0A46E00ACF35C /* MyTestAppUITests */ = {
			isa = PBXNativeTarget;
			buildConfigurationList = 948CBA6D1EA0A46E00ACF35C /* Build configuration list for PBXNativeTarget "MyTestAppUITests" */;
			buildPhases = (
				948CBA5A1EA0A46E00ACF35C /* Sources */,
				948CBA5B1EA0A46E00ACF35C /* Frameworks */,
				948CBA5C1EA0A46E00ACF35C /* Resources */,
			);
			buildRules = (
			);
			dependencies = (
				948CBA601EA0A46E00ACF35C /* PBXTargetDependency */,
			);
			name = MyTestAppUITests;
			productName = MyTestAppUITests;
			productReference = 948CBA5E1EA0A46E00ACF35C /* MyTestAppUITests.xctest */;
			productType = "com.apple.product-type.bundle.ui-testing";
		};
/* End PBXNativeTarget section */

/* Begin PBXProject section */
		948CBA321EA0A46E00ACF35C /* Project object */ = {
			isa = PBXProject;
			attributes = {
				LastUpgradeCheck = 0830;
				ORGANIZATIONNAME = wxy;
				TargetAttributes = {
					948CBA391EA0A46E00ACF35C = {
						CreatedOnToolsVersion = 8.3.1;
						ProvisioningStyle = Automatic;
					};
					948CBA521EA0A46E00ACF35C = {
						CreatedOnToolsVersion = 8.3.1;
						ProvisioningStyle = Automatic;
						TestTargetID = 948CBA391EA0A46E00ACF35C;
					};
					948CBA5D1EA0A46E00ACF35C = {
						CreatedOnToolsVersion = 8.3.1;
						ProvisioningStyle = Automatic;
						TestTargetID = 948CBA391EA0A46E00ACF35C;
					};
				};
			};
			buildConfigurationList = 948CBA351EA0A46E00ACF35C /* Build configuration list for PBXProject "MyTestApp" */;
			compatibilityVersion = "Xcode 3.2";
			developmentRegion = English;
			hasScannedForEncodings = 0;
			knownRegions = (
				en,
				Base,
			);
			mainGroup = 948CBA311EA0A46E00ACF35C;
			productRefGroup = 948CBA3B1EA0A46E00ACF35C /* Products */;
			projectDirPath = "";
			projectRoot = "";
			targets = (
				948CBA391EA0A46E00ACF35C /* MyTestApp */,
				948CBA521EA0A46E00ACF35C /* MyTestAppTests */,
				948CBA5D1EA0A46E00ACF35C /* MyTestAppUITests */,
			);
		};
/* End PBXProject section */

/* Begin PBXResourcesBuildPhase section */
		948CBA381EA0A46E00ACF35C /* Resources */ = {
			isa = PBXResourcesBuildPhase;
			buildActionMask = 2147483647;
			files = (
				948CBA4D1EA0A46E00ACF35C /* LaunchScreen.storyboard in Resources */,
				948CBA4A1EA0A46E00ACF35C /* Assets.xcassets in Resources */,
				948CBA481EA0A46E00ACF35C /* Main.storyboard in Resources */,
			);
			runOnlyForDeploymentPostprocessing = 0;
		};
		948CBA511EA0A46E00ACF35C /* Resources */ = {
			isa = PBXResourcesBuildPhase;
			buildActionMask = 2147483647;
			files = (
			);
			runOnlyForDeploymentPostprocessing = 0;
		};
		948CBA5C1EA0A46E00ACF35C /* Resources */ = {
			isa = PBXResourcesBuildPhase;
			buildActionMask = 2147483647;
			files = (
			);
			runOnlyForDeploymentPostprocessing = 0;
		};
/* End PBXResourcesBuildPhase section */

/* Begin PBXSourcesBuildPhase section */
		948CBA361EA0A46E00ACF35C /* Sources */ = {
			isa = PBXSourcesBuildPhase;
			buildActionMask = 2147483647;
			files = (
				948CBA451EA0A46E00ACF35C /* ViewController.m in Sources */,
				948CBA421EA0A46E00ACF35C /* AppDelegate.m in Sources */,
				948CBA3F1EA0A46E00ACF35C /* main.m in Sources */,
			);
			runOnlyForDeploymentPostprocessing = 0;
		};
		948CBA4F1EA0A46E00ACF35C /* Sources */ = {
			isa = PBXSourcesBuildPhase;
			buildActionMask = 2147483647;
			files = (
				948CBA581EA0A46E00ACF35C /* MyTestAppTests.m in Sources */,
			);
			runOnlyForDeploymentPostprocessing = 0;
		};
		948CBA5A1EA0A46E00ACF35C /* Sources */ = {
			isa = PBXSourcesBuildPhase;
			buildActionMask = 2147483647;
			files = (
				948CBA631EA0A46E00ACF35C /* MyTestAppUITests.m in Sources */,
			);
			runOnlyForDeploymentPostprocessing = 0;
		};
/* End PBXSourcesBuildPhase section */

/* Begin PBXTargetDependency section */
		948CBA551EA0A46E00ACF35C /* PBXTargetDependency */ = {
			isa = PBXTargetDependency;
			target = 948CBA391EA0A46E00ACF35C /* MyTestApp */;
			targetProxy = 948CBA541EA0A46E00ACF35C /* PBXContainerItemProxy */;
		};
		948CBA601EA0A46E00ACF35C /* PBXTargetDependency */ = {
			isa = PBXTargetDependency;
			target = 948CBA391EA0A46E00ACF35C /* MyTestApp */;
			targetProxy = 948CBA5F1EA0A46E00ACF35C /* PBXContainerItemProxy */;
		};
/* End PBXTargetDependency section */

/* Begin PBXVariantGroup section */
		948CBA461EA0A46E00ACF35C /* Main.storyboard */ = {
			isa = PBXVariantGroup;
			children = (
				948CBA471EA0A46E00ACF35C /* Base */,
			);
			name = Main.storyboard;
			sourceTree = "<group>";
		};
		948CBA4B1EA0A46E00ACF35C /* LaunchScreen.storyboard */ = {
			isa = PBXVariantGroup;
			children = (
				948CBA4C1EA0A46E00ACF35C /* Base */,
			);
			name = LaunchScreen.storyboard;
			sourceTree = "<group>";
		};
/* End PBXVariantGroup section */

/* Begin XCBuildConfiguration section */
		948CBA651EA0A46E00ACF35C /* Debug */ = {
			isa = XCBuildConfiguration;
			buildSettings = {
				ALWAYS_SEARCH_USER_PATHS = NO;
				CLANG_ANALYZER_NONNULL = YES;
				CLANG_ANALYZER_NUMBER_OBJECT_CONVERSION = YES_AGGRESSIVE;
				CLANG_CXX_LANGUAGE_STANDARD = "gnu++0x";
				CLANG_CXX_LIBRARY = "libc++";
				CLANG_ENABLE_MODULES = YES;
				CLANG_ENABLE_OBJC_ARC = YES;
				CLANG_WARN_BOOL_CONVERSION = YES;
				CLANG_WARN_CONSTANT_CONVERSION = YES;
				CLANG_WARN_DIRECT_OBJC_ISA_USAGE = YES_ERROR;
				CLANG_WARN_DOCUMENTATION_COMMENTS = YES;
				CLANG_WARN_EMPTY_BODY = YES;
				CLANG_WARN_ENUM_CONVERSION = YES;
				CLANG_WARN_INFINITE_RECURSION = YES;
				CLANG_WARN_INT_CONVERSION = YES;
				CLANG_WARN_OBJC_ROOT_CLASS = YES_ERROR;
				CLANG_WARN_SUSPICIOUS_MOVE = YES;
				CLANG_WARN_UNREACHABLE_CODE = YES;
				CLANG_WARN__DUPLICATE_METHOD_MATCH = YES;
				"CODE_SIGN_IDENTITY[sdk=iphoneos*]" = "iPhone Developer";
				COPY_PHASE_STRIP = NO;
				DEBUG_INFORMATION_FORMAT = dwarf;
				ENABLE_STRICT_OBJC_MSGSEND = YES;
				ENABLE_TESTABILITY = YES;
				GCC_C_LANGUAGE_STANDARD = gnu99;
				GCC_DYNAMIC_NO_PIC = NO;
				GCC_NO_COMMON_BLOCKS = YES;
				GCC_OPTIMIZATION_LEVEL = 0;
				GCC_PREPROCESSOR_DEFINITIONS = (
					"DEBUG=1",
					"$(inherited)",
				);
				GCC_WARN_64_TO_32_BIT_CONVERSION = YES;
				GCC_WARN_ABOUT_RETURN_TYPE = YES_ERROR;
				GCC_WARN_UNDECLARED_SELECTOR = YES;
				GCC_WARN_UNINITIALIZED_AUTOS = YES_AGGRESSIVE;
				GCC_WARN_UNUSED_FUNCTION = YES;
				GCC_WARN_UNUSED_VARIABLE = YES;
				IPHONEOS_DEPLOYMENT_TARGET = 10.3;
				MTL_ENABLE_DEBUG_INFO = YES;
				ONLY_ACTIVE_ARCH = YES;
				SDKROOT = iphoneos;
				TARGETED_DEVICE_FAMILY = "1,2";
			};
			name = Debug;
		};
		948CBA661EA0A46E00ACF35C /* Release */ = {
			isa = XCBuildConfiguration;
			buildSettings = {
				ALWAYS_SEARCH_USER_PATHS = NO;
				CLANG_ANALYZER_NONNULL = YES;
				CLANG_ANALYZER_NUMBER_OBJECT_CONVERSION = YES_AGGRESSIVE;
				CLANG_CXX_LANGUAGE_STANDARD = "gnu++0x";
				CLANG_CXX_LIBRARY = "libc++";
				CLANG_ENABLE_MODULES = YES;
				CLANG_ENABLE_OBJC_ARC = YES;
				CLANG_WARN_BOOL_CONVERSION = YES;
				CLANG_WARN_CONSTANT_CONVERSION = YES;
				CLANG_WARN_DIRECT_OBJC_ISA_USAGE = YES_ERROR;
				CLANG_WARN_DOCUMENTATION_COMMENTS = YES;
				CLANG_WARN_EMPTY_BODY = YES;
				CLANG_WARN_ENUM_CONVERSION = YES;
				CLANG_WARN_INFINITE_RECURSION = YES;
				CLANG_WARN_INT_CONVERSION = YES;
				CLANG_WARN_OBJC_ROOT_CLASS = YES_ERROR;
				CLANG_WARN_SUSPICIOUS_MOVE = YES;
				CLANG_WARN_UNREACHABLE_CODE = YES;
				CLANG_WARN__DUPLICATE_METHOD_MATCH = YES;
				"CODE_SIGN_IDENTITY[sdk=iphoneos*]" = "iPhone Developer";
				COPY_PHASE_STRIP = NO;
				DEBUG_INFORMATION_FORMAT = "dwarf-with-dsym";
				ENABLE_NS_ASSERTIONS = NO;
				ENABLE_STRICT_OBJC_MSGSEND = YES;
				GCC_C_LANGUAGE_STANDARD = gnu99;
				GCC_NO_COMMON_BLOCKS = YES;
				GCC_WARN_64_TO_32_BIT_CONVERSION = YES;
				GCC_WARN_ABOUT_RETURN_TYPE = YES_ERROR;
				GCC_WARN_UNDECLARED_SELECTOR = YES;
				GCC_WARN_UNINITIALIZED_AUTOS = YES_AGGRESSIVE;
				GCC_WARN_UNUSED_FUNCTION = YES;
				GCC_WARN_UNUSED_VARIABLE = YES;
				IPHONEOS_DEPLOYMENT_TARGET = 10.3;
				MTL_ENABLE_DEBUG_INFO = NO;
				SDKROOT = iphoneos;
				TARGETED_DEVICE_FAMILY = "1,2";
				VALIDATE_PRODUCT = YES;
			};
			name = Release;
		};
		948CBA681EA0A46E00ACF35C /* Debug */ = {
			isa = XCBuildConfiguration;
			buildSettings = {
				ASSETCATALOG_COMPILER_APPICON_NAME = AppIcon;
				INFOPLIST_FILE = MyTestApp/Info.plist;
				LD_RUNPATH_SEARCH_PATHS = "$(inherited) @executable_path/Frameworks";
				PRODUCT_BUNDLE_IDENTIFIER = wxy.MyTestApp;
				PRODUCT_NAME = "$(TARGET_NAME)";
			};
			name = Debug;
		};
		948CBA691EA0A46E00ACF35C /* Release */ = {
			isa = XCBuildConfiguration;
			buildSettings = {
				ASSETCATALOG_COMPILER_APPICON_NAME = AppIcon;
				INFOPLIST_FILE = MyTestApp/Info.plist;
				LD_RUNPATH_SEARCH_PATHS = "$(inherited) @executable_path/Frameworks";
				PRODUCT_BUNDLE_IDENTIFIER = wxy.MyTestApp;
				PRODUCT_NAME = "$(TARGET_NAME)";
			};
			name = Release;
		};
		948CBA6B1EA0A46E00ACF35C /* Debug */ = {
			isa = XCBuildConfiguration;
			buildSettings = {
				BUNDLE_LOADER = "$(TEST_HOST)";
				INFOPLIST_FILE = MyTestAppTests/Info.plist;
				LD_RUNPATH_SEARCH_PATHS = "$(inherited) @executable_path/Frameworks @loader_path/Frameworks";
				PRODUCT_BUNDLE_IDENTIFIER = wxy.MyTestAppTests;
				PRODUCT_NAME = "$(TARGET_NAME)";
				TEST_HOST = "$(BUILT_PRODUCTS_DIR)/MyTestApp.app/MyTestApp";
			};
			name = Debug;
		};
		948CBA6C1EA0A46E00ACF35C /* Release */ = {
			isa = XCBuildConfiguration;
			buildSettings = {
				BUNDLE_LOADER = "$(TEST_HOST)";
				INFOPLIST_FILE = MyTestAppTests/Info.plist;
				LD_RUNPATH_SEARCH_PATHS = "$(inherited) @executable_path/Frameworks @loader_path/Frameworks";
				PRODUCT_BUNDLE_IDENTIFIER = wxy.MyTestAppTests;
				PRODUCT_NAME = "$(TARGET_NAME)";
				TEST_HOST = "$(BUILT_PRODUCTS_DIR)/MyTestApp.app/MyTestApp";
			};
			name = Release;
		};
		948CBA6E1EA0A46E00ACF35C /* Debug */ = {
			isa = XCBuildConfiguration;
			buildSettings = {
				INFOPLIST_FILE = MyTestAppUITests/Info.plist;
				LD_RUNPATH_SEARCH_PATHS = "$(inherited) @executable_path/Frameworks @loader_path/Frameworks";
				PRODUCT_BUNDLE_IDENTIFIER = wxy.MyTestAppUITests;
				PRODUCT_NAME = "$(TARGET_NAME)";
				TEST_TARGET_NAME = MyTestApp;
			};
			name = Debug;
		};
		948CBA6F1EA0A46E00ACF35C /* Release */ = {
			isa = XCBuildConfiguration;
			buildSettings = {
				INFOPLIST_FILE = MyTestAppUITests/Info.plist;
				LD_RUNPATH_SEARCH_PATHS = "$(inherited) @executable_path/Frameworks @loader_path/Frameworks";
				PRODUCT_BUNDLE_IDENTIFIER = wxy.MyTestAppUITests;
				PRODUCT_NAME = "$(TARGET_NAME)";
				TEST_TARGET_NAME = MyTestApp;
			};
			name = Release;
		};
/* End XCBuildConfiguration section */

/* Begin XCConfigurationList section */
		948CBA351EA0A46E00ACF35C /* Build configuration list for PBXProject "MyTestApp" */ = {
			isa = XCConfigurationList;
			buildConfigurations = (
				948CBA651EA0A46E00ACF35C /* Debug */,
				948CBA661EA0A46E00ACF35C /* Release */,
			);
			defaultConfigurationIsVisible = 0;
			defaultConfigurationName = Release;
		};
		948CBA671EA0A46E00ACF35C /* Build configuration list for PBXNativeTarget "MyTestApp" */ = {
			isa = XCConfigurationList;
			buildConfigurations = (
				948CBA681EA0A46E00ACF35C /* Debug */,
				948CBA691EA0A46E00ACF35C /* Release */,
			);
			defaultConfigurationIsVisible = 0;
		};
		948CBA6A1EA0A46E00ACF35C /* Build configuration list for PBXNativeTarget "MyTestAppTests" */ = {
			isa = XCConfigurationList;
			buildConfigurations = (
				948CBA6B1EA0A46E00ACF35C /* Debug */,
				948CBA6C1EA0A46E00ACF35C /* Release */,
			);
			defaultConfigurationIsVisible = 0;
		};
		948CBA6D1EA0A46E00ACF35C /* Build configuration list for PBXNativeTarget "MyTestAppUITests" */ = {
			isa = XCConfigurationList;
			buildConfigurations = (
				948CBA6E1EA0A46E00ACF35C /* Debug */,
				948CBA6F1EA0A46E00ACF35C /* Release */,
			);
			defaultConfigurationIsVisible = 0;
		};
/* End XCConfigurationList section */
	};
	rootObject = 948CBA321EA0A46E00ACF35C /* Project object */;
}
